// !$*UTF8*$!
{
	archiveVersion = 1;
	classes = {};
	objectVersion = 56;
	objects = {
		A1 = {isa = PBXFileReference; lastKnownFileType = sourcecode.swift; path = FoddApp.swift; sourceTree = "<group>";};
		A2 = {isa = PBXFileReference; lastKnownFileType = sourcecode.swift; path = ContentView.swift; sourceTree = "<group>";};
		A3 = {isa = PBXFileReference; lastKnownFileType = folder.assetcatalog; path = Assets.xcassets; sourceTree = "<group>";};
		A4 = {isa = PBXFileReference; lastKnownFileType = text.plist.xml; path = Info.plist; sourceTree = "<group>";};
		A5 = {isa = PBXFileReference; lastKnownFileType = sourcecode.swift; path = APIClient.swift; sourceTree = "<group>";};
		A6 = {isa = PBXFileReference; lastKnownFileType = sourcecode.swift; path = AppStore.swift; sourceTree = "<group>";};
		B1 = {isa = PBXBuildFile; fileRef = A1;};
		B2 = {isa = PBXBuildFile; fileRef = A2;};
		B3 = {isa = PBXBuildFile; fileRef = A3;};
		B5 = {isa = PBXBuildFile; fileRef = A5;};
		B6 = {isa = PBXBuildFile; fileRef = A6;};
		G0 = {isa = PBXGroup; children = (G1, GP); sourceTree = "<group>";};
		G1 = {isa = PBXGroup; children = (A1, A2, A5, A6, A3, A4); path = Fodd; sourceTree = "<group>";};
		GP = {isa = PBXGroup; children = (P1); name = Products; sourceTree = "<group>";};
		P1 = {isa = PBXFileReference; explicitFileType = wrapper.application; includeInIndex = 0; path = Fodd.app; sourceTree = BUILT_PRODUCTS_DIR;};
		S1 = {isa = PBXSourcesBuildPhase; buildActionMask = 2147483647; files = (B1, B2, B5, B6); runOnlyForDeploymentPostprocessing = 0;};
		R1 = {isa = PBXResourcesBuildPhase; buildActionMask = 2147483647; files = (B3); runOnlyForDeploymentPostprocessing = 0;};
		F1 = {isa = PBXFrameworksBuildPhase; buildActionMask = 2147483647; files = (); runOnlyForDeploymentPostprocessing = 0;};
		T1 = {isa = PBXNativeTarget; buildConfigurationList = C2; buildPhases = (S1, F1, R1); buildRules = (); dependencies = (); name = Fodd; productName = Fodd; productReference = P1; productType = "com.apple.product-type.application";};
		PR = {isa = PBXProject; attributes = {BuildIndependentTargetsInParallel = 1; LastSwiftUpdateCheck = 1600; LastUpgradeCheck = 1600; TargetAttributes = {T1 = {CreatedOnToolsVersion = 16.0;};};}; buildConfigurationList = C1; compatibilityVersion = "Xcode 14.0"; developmentRegion = en; hasScannedForEncodings = 0; knownRegions = (en, Base); mainGroup = G0; productRefGroup = GP; projectDirPath = ""; projectRoot = ""; targets = (T1);};
		C1 = {isa = XCConfigurationList; buildConfigurations = (D1, E1); defaultConfigurationIsVisible = 0; defaultConfigurationName = Release;};
		C2 = {isa = XCConfigurationList; buildConfigurations = (D2, E2); defaultConfigurationIsVisible = 0; defaultConfigurationName = Release;};
		D1 = {isa = XCBuildConfiguration; buildSettings = {ALWAYS_SEARCH_USER_PATHS = NO; CLANG_ENABLE_MODULES = YES; CLANG_ENABLE_OBJC_ARC = YES; IPHONEOS_DEPLOYMENT_TARGET = 17.0; SDKROOT = iphoneos; SWIFT_VERSION = 5.0;}; name = Debug;};
		E1 = {isa = XCBuildConfiguration; buildSettings = {ALWAYS_SEARCH_USER_PATHS = NO; CLANG_ENABLE_MODULES = YES; CLANG_ENABLE_OBJC_ARC = YES; IPHONEOS_DEPLOYMENT_TARGET = 17.0; SDKROOT = iphoneos; SWIFT_COMPILATION_MODE = wholemodule; SWIFT_VERSION = 5.0;}; name = Release;};
		D2 = {isa = XCBuildConfiguration; buildSettings = {API_BASE_URL = "https://GANTI-DENGAN-DOMAIN.up.railway.app/"; ASSETCATALOG_COMPILER_APPICON_NAME = AppIcon; ASSETCATALOG_COMPILER_GLOBAL_ACCENT_COLOR_NAME = AccentColor; CODE_SIGN_STYLE = Automatic; CURRENT_PROJECT_VERSION = 1; DEVELOPMENT_ASSET_PATHS = ""; ENABLE_PREVIEWS = YES; GENERATE_INFOPLIST_FILE = NO; INFOPLIST_FILE = Fodd/Info.plist; MARKETING_VERSION = 1.1; PRODUCT_BUNDLE_IDENTIFIER = com.fodd.app; PRODUCT_NAME = "$(TARGET_NAME)"; SWIFT_EMIT_LOC_STRINGS = YES; SWIFT_VERSION = 5.0; TARGETED_DEVICE_FAMILY = 1;}; name = Debug;};
		E2 = {isa = XCBuildConfiguration; buildSettings = {API_BASE_URL = "https://GANTI-DENGAN-DOMAIN.up.railway.app/"; ASSETCATALOG_COMPILER_APPICON_NAME = AppIcon; ASSETCATALOG_COMPILER_GLOBAL_ACCENT_COLOR_NAME = AccentColor; CODE_SIGN_STYLE = Automatic; CURRENT_PROJECT_VERSION = 1; ENABLE_PREVIEWS = YES; GENERATE_INFOPLIST_FILE = NO; INFOPLIST_FILE = Fodd/Info.plist; MARKETING_VERSION = 1.1; PRODUCT_BUNDLE_IDENTIFIER = com.fodd.app; PRODUCT_NAME = "$(TARGET_NAME)"; SWIFT_EMIT_LOC_STRINGS = YES; SWIFT_VERSION = 5.0; TARGETED_DEVICE_FAMILY = 1;}; name = Release;};
	};
	rootObject = PR;
}
